
Microsoft Visual Studio Solution File, Format Version 12.00
# Visual Studio Express 2012 for Windows Desktop
Project("{FAE04EC0-301F-11D3-BF4B-00C04F79EFBC}") = "Lightning", "Lightning\Lightning.csproj", "{39C262E8-1725-47CC-9F79-99ABD36A8DF2}"
EndProject
Global
	GlobalSection(SolutionConfigurationPlatforms) = preSolution
		Debug|x86 = Debug|x86
		Release|x86 = Release|x86
	EndGlobalSection
	GlobalSection(ProjectConfigurationPlatforms) = postSolution
		{39C262E8-1725-47CC-9F79-99ABD36A8DF2}.Debug|x86.ActiveCfg = Debug|x86
		{39C262E8-1725-47CC-9F79-99ABD36A8DF2}.Debug|x86.Build.0 = Debug|x86
		{39C262E8-1725-47CC-9F79-99ABD36A8DF2}.Release|x86.ActiveCfg = Release|x86
		{39C262E8-1725-47CC-9F79-99ABD36A8DF2}.Release|x86.Build.0 = Release|x86
	EndGlobalSection
	GlobalSection(SolutionProperties) = preSolution
		HideSolutionNode = FALSE
	EndGlobalSection
EndGlobal
